
Microsoft Visual Studio Solution File, Format Version 12.00
# Visual Studio Version 17
VisualStudioVersion = 17.5.33516.290
MinimumVisualStudioVersion = 10.0.40219.1
Project("{FAE04EC0-301F-11D3-BF4B-00C04F79EFBC}") = "webAPIthird", "webAPIthird.csproj", "{EDC7D4E3-FB68-4A5A-BB15-86197D642F37}"
EndProject
Global
	GlobalSection(SolutionConfigurationPlatforms) = preSolution
		Debug|Any CPU = Debug|Any CPU
		Release|Any CPU = Release|Any CPU
	EndGlobalSection
	GlobalSection(ProjectConfigurationPlatforms) = postSolution
		{EDC7D4E3-FB68-4A5A-BB15-86197D642F37}.Debug|Any CPU.ActiveCfg = Debug|Any CPU
		{EDC7D4E3-FB68-4A5A-BB15-86197D642F37}.Debug|Any CPU.Build.0 = Debug|Any CPU
		{EDC7D4E3-FB68-4A5A-BB15-86197D642F37}.Release|Any CPU.ActiveCfg = Release|Any CPU
		{EDC7D4E3-FB68-4A5A-BB15-86197D642F37}.Release|Any CPU.Build.0 = Release|Any CPU
	EndGlobalSection
	GlobalSection(SolutionProperties) = preSolution
		HideSolutionNode = FALSE
	EndGlobalSection
	GlobalSection(ExtensibilityGlobals) = postSolution
		SolutionGuid = {65A608F8-FE85-46F6-A485-0BF7CA367337}
	EndGlobalSection
EndGlobal
